<?xml version="1.0"?>
<CONFIG>
  <ProjectOptions>
    <Version Value="9"/>
    <PathDelim Value="\"/>
    <General>
      <MainUnit Value="0"/>
      <ResourceType Value="res"/>
      <UseXPManifest Value="True"/>
      <Icon Value="0"/>
      <ActiveWindowIndexAtStart Value="0"/>
    </General>
    <i18n>
      <EnableI18N LFM="False"/>
    </i18n>
    <VersionInfo>
      <StringTable ProductVersion=""/>
    </VersionInfo>
    <BuildModes Count="1" Active="Default">
      <Item1 Name="Default" Default="True"/>
    </BuildModes>
    <PublishOptions>
      <Version Value="2"/>
      <IncludeFileFilter Value="*.(pas|pp|inc|lfm|lpr|lrs|lpi|lpk|sh|xml)"/>
      <ExcludeFileFilter Value="*.(bak|ppu|o|so);*~;backup"/>
    </PublishOptions>
    <RunParams>
      <local>
        <FormatVersion Value="1"/>
      </local>
    </RunParams>
    <RequiredPackages Count="2">
      <Item1>
        <PackageName Value="user"/>
      </Item1>
      <Item2>
        <PackageName Value="LCL"/>
      </Item2>
    </RequiredPackages>
    <Units Count="4">
      <Unit0>
        <Filename Value="component.lpr"/>
        <IsPartOfProject Value="True"/>
        <UnitName Value="component"/>
        <IsVisibleTab Value="True"/>
        <EditorIndex Value="1"/>
        <WindowIndex Value="0"/>
        <TopLine Value="16"/>
        <CursorPos X="13" Y="22"/>
        <UsageCount Value="68"/>
        <Loaded Value="True"/>
      </Unit0>
      <Unit1>
        <Filename Value="unit1.pas"/>
        <IsPartOfProject Value="True"/>
        <ComponentName Value="Form1"/>
        <HasResources Value="True"/>
        <ResourceBaseClass Value="Form"/>
        <UnitName Value="Unit1"/>
        <EditorIndex Value="0"/>
        <WindowIndex Value="0"/>
        <TopLine Value="35"/>
        <CursorPos X="7" Y="13"/>
        <UsageCount Value="68"/>
        <Loaded Value="True"/>
        <LoadedDesigner Value="True"/>
      </Unit1>
      <Unit2>
        <Filename Value="int_edit.pas"/>
        <IsPartOfProject Value="True"/>
        <UnitName Value="int_edit"/>
        <WindowIndex Value="0"/>
        <TopLine Value="1"/>
        <CursorPos X="43" Y="4"/>
        <UsageCount Value="66"/>
      </Unit2>
      <Unit3>
        <Filename Value="C:\Lazarus\components\user\int_edit.pas"/>
        <UnitName Value="int_edit"/>
        <WindowIndex Value="0"/>
        <TopLine Value="13"/>
        <CursorPos X="22" Y="22"/>
        <UsageCount Value="10"/>
      </Unit3>
    </Units>
    <JumpHistory Count="17" HistoryIndex="16">
      <Position1>
        <Filename Value="unit1.pas"/>
        <Caret Line="1" Column="1" TopLine="1"/>
      </Position1>
      <Position2>
        <Filename Value="unit1.pas"/>
        <Caret Line="11" Column="20" TopLine="1"/>
      </Position2>
      <Position3>
        <Filename Value="unit1.pas"/>
        <Caret Line="38" Column="15" TopLine="3"/>
      </Position3>
      <Position4>
        <Filename Value="unit1.pas"/>
        <Caret Line="9" Column="11" TopLine="3"/>
      </Position4>
      <Position5>
        <Filename Value="unit1.pas"/>
        <Caret Line="17" Column="10" TopLine="3"/>
      </Position5>
      <Position6>
        <Filename Value="unit1.pas"/>
        <Caret Line="16" Column="10" TopLine="2"/>
      </Position6>
      <Position7>
        <Filename Value="unit1.pas"/>
        <Caret Line="44" Column="18" TopLine="5"/>
      </Position7>
      <Position8>
        <Filename Value="unit1.pas"/>
        <Caret Line="43" Column="29" TopLine="8"/>
      </Position8>
      <Position9>
        <Filename Value="unit1.pas"/>
        <Caret Line="50" Column="24" TopLine="15"/>
      </Position9>
      <Position10>
        <Filename Value="unit1.pas"/>
        <Caret Line="56" Column="32" TopLine="26"/>
      </Position10>
      <Position11>
        <Filename Value="unit1.pas"/>
        <Caret Line="26" Column="26" TopLine="8"/>
      </Position11>
      <Position12>
        <Filename Value="unit1.pas"/>
        <Caret Line="48" Column="42" TopLine="28"/>
      </Position12>
      <Position13>
        <Filename Value="unit1.pas"/>
        <Caret Line="44" Column="35" TopLine="37"/>
      </Position13>
      <Position14>
        <Filename Value="unit1.pas"/>
        <Caret Line="10" Column="13" TopLine="1"/>
      </Position14>
      <Position15>
        <Filename Value="unit1.pas"/>
        <Caret Line="63" Column="23" TopLine="50"/>
      </Position15>
      <Position16>
        <Filename Value="unit1.pas"/>
        <Caret Line="58" Column="13" TopLine="50"/>
      </Position16>
      <Position17>
        <Filename Value="unit1.pas"/>
        <Caret Line="56" Column="1" TopLine="43"/>
      </Position17>
    </JumpHistory>
  </ProjectOptions>
  <CompilerOptions>
    <Version Value="11"/>
    <PathDelim Value="\"/>
    <Target>
      <Filename Value="component"/>
    </Target>
    <SearchPaths>
      <IncludeFiles Value="$(ProjOutDir)"/>
      <UnitOutputDirectory Value="lib\$(TargetCPU)-$(TargetOS)"/>
    </SearchPaths>
    <Linking>
      <Options>
        <Win32>
          <GraphicApplication Value="True"/>
        </Win32>
      </Options>
    </Linking>
    <Other>
      <CompilerPath Value="$(CompPath)"/>
    </Other>
  </CompilerOptions>
  <Debugging>
    <Exceptions Count="4">
      <Item1>
        <Name Value="EAbort"/>
      </Item1>
      <Item2>
        <Name Value="ECodetoolError"/>
      </Item2>
      <Item3>
        <Name Value="EFOpenError"/>
      </Item3>
      <Item4>
        <Name Value="EConvertError"/>
      </Item4>
    </Exceptions>
  </Debugging>
</CONFIG>
